github.com/caarlos0/env/v6 v6.10.1 h1:t1mPSxNpei6M5yAeu1qtRdPAK29Nbcf/n3G7x+b3/II=
github.com/caarlos0/env/v6 v6.10.1/go.mod h1:hvp/ryKXKipEkcuYjs9mI4bBCg+UI0Yhgm5Zu0ddvwc=
github.com/davecgh/go-spew v1.1.1 h1:vj9j/u1bqnvCEfJOwUhtlOARqs3+rkHYY13jYWTU97c=
github.com/davecgh/go-spew v1.1.1/go.mod h1:J7Y8YcW2NihsgmVo/mv3lAwl/skON4iLHjSsI+c5H38=
github.com/ensi-ai/ensi-ai-core v1.0.0 h1:d1x74odYoIFHnYUSjxfPkxEMe69PrjrT52VyVVjV7/A=
github.com/ensi-ai/ensi-ai-core v1.0.0/go.mod h1:EnUsbxkv32u0quEy5fomeoPzSon3HQSTA2OUzABpu5Y=
github.com/facebookgo/ensure v0.0.0-20200202191622-63f1cf65ac4c h1:8ISkoahWXwZR41ois5lSJBSVw4D0OV19Ht/JSTzvSv0=
github.com/facebookgo/ensure v0.0.0-20200202191622-63f1cf65ac4c/go.mod h1:Yg+htXGokKKdzcwhuNDwVvN+uBxDGXJ7G/VN1d8fa64=
github.com/facebookgo/freeport v0.0.0-20150612182905-d4adf43b75b9 h1:wWke/RUCl7VRjQhwPlR/v0glZXNYzBHdNUzf/Am2Nmg=
github.com/facebookgo/freeport v0.0.0-20150612182905-d4adf43b75b9/go.mod h1:uPmAp6Sws4L7+Q/OokbWDAK1ibXYhB3PXFP1kol5hPg=
github.com/facebookgo/httpcontrol v0.0.0-20150708234001-ccde4420e1fe h1:lROXMXiVykPnYQwN/ZqlUlnzq/hTqZ6PiI+IZ7dOVbA=
github.com/facebookgo/httpcontrol v0.0.0-20150708234001-ccde4420e1fe/go.mod h1:RHhThlTAK1q74hnQuU/XB53XxTRDYxfAfHvDQ3JU9ys=
github.com/facebookgo/stack v0.0.0-20160209184415-751773369052 h1:JWuenKqqX8nojtoVVWjGfOF9635RETekkoH6Cc9SX0A=
github.com/facebookgo/stack v0.0.0-20160209184415-751773369052/go.mod h1:UbMTZqLaRiH3MsBH8va0n7s1pQYcu3uTb8G4tygF4Zg=
github.com/facebookgo/subset v0.0.0-20200203212716-c811ad88dec4 h1:7HZCaLC5+BZpmbhCOZJ293Lz68O7PYrF2EzeiFMwCLk=
github.com/facebookgo/subset v0.0.0-20200203212716-c811ad88dec4/go.mod h1:5tD+neXqOorC30/tWg0LCSkrqj/AR6gu8yY8/fpw1q0=
github.com/google/uuid v1.4.0 h1:MtMxsa51/r9yyhkyLsVeVt0B+BGQZzpQiTQ4eHZ8bc4=
github.com/google/uuid v1.4.0/go.mod h1:TIyPZe4MgqvfeYDBFedMoGGpEw/LqOeaOT+nhxU+yHo=
